
Microsoft Visual Studio Solution File, Format Version 12.00
# Visual Studio 14
VisualStudioVersion = 14.0.25420.1
MinimumVisualStudioVersion = 10.0.40219.1
Project("{FAE04EC0-301F-11D3-BF4B-00C04F79EFBC}") = "WPO", "WPO\WPO.csproj", "{8FD61D33-6369-4D11-9E8C-530993E638C3}"
EndProject
Project("{FAE04EC0-301F-11D3-BF4B-00C04F79EFBC}") = "WPO.Tests", "WPO.Tests\WPO.Tests.csproj", "{4D188506-624A-4078-90A5-F5236906F9EF}"
EndProject
Global
	GlobalSection(SolutionConfigurationPlatforms) = preSolution
		Debug|Any CPU = Debug|Any CPU
		Release|Any CPU = Release|Any CPU
	EndGlobalSection
	GlobalSection(ProjectConfigurationPlatforms) = postSolution
		{8FD61D33-6369-4D11-9E8C-530993E638C3}.Debug|Any CPU.ActiveCfg = Debug|Any CPU
		{8FD61D33-6369-4D11-9E8C-530993E638C3}.Debug|Any CPU.Build.0 = Debug|Any CPU
		{8FD61D33-6369-4D11-9E8C-530993E638C3}.Release|Any CPU.ActiveCfg = Release|Any CPU
		{8FD61D33-6369-4D11-9E8C-530993E638C3}.Release|Any CPU.Build.0 = Release|Any CPU
		{4D188506-624A-4078-90A5-F5236906F9EF}.Debug|Any CPU.ActiveCfg = Debug|Any CPU
		{4D188506-624A-4078-90A5-F5236906F9EF}.Debug|Any CPU.Build.0 = Debug|Any CPU
		{4D188506-624A-4078-90A5-F5236906F9EF}.Release|Any CPU.ActiveCfg = Release|Any CPU
		{4D188506-624A-4078-90A5-F5236906F9EF}.Release|Any CPU.Build.0 = Release|Any CPU
	EndGlobalSection
	GlobalSection(SolutionProperties) = preSolution
		HideSolutionNode = FALSE
	EndGlobalSection
EndGlobal
